
Microsoft Visual Studio Solution File, Format Version 12.00
# Visual Studio 14
VisualStudioVersion = 14.0.25420.1
MinimumVisualStudioVersion = 10.0.40219.1
Project("{FAE04EC0-301F-11D3-BF4B-00C04F79EFBC}") = "Glanetasul", "Glanetasul\Glanetasul.csproj", "{C8CD22E2-FBFD-4112-B8C4-1538DDB06804}"
EndProject
Project("{FAE04EC0-301F-11D3-BF4B-00C04F79EFBC}") = "Glanetasul.Tests", "Glanetasul.Tests\Glanetasul.Tests.csproj", "{76C3846C-D3DB-4252-A0F3-87F2709B597B}"
EndProject
Global
	GlobalSection(SolutionConfigurationPlatforms) = preSolution
		Debug|Any CPU = Debug|Any CPU
		Release|Any CPU = Release|Any CPU
	EndGlobalSection
	GlobalSection(ProjectConfigurationPlatforms) = postSolution
		{C8CD22E2-FBFD-4112-B8C4-1538DDB06804}.Debug|Any CPU.ActiveCfg = Debug|Any CPU
		{C8CD22E2-FBFD-4112-B8C4-1538DDB06804}.Debug|Any CPU.Build.0 = Debug|Any CPU
		{C8CD22E2-FBFD-4112-B8C4-1538DDB06804}.Release|Any CPU.ActiveCfg = Release|Any CPU
		{C8CD22E2-FBFD-4112-B8C4-1538DDB06804}.Release|Any CPU.Build.0 = Release|Any CPU
		{76C3846C-D3DB-4252-A0F3-87F2709B597B}.Debug|Any CPU.ActiveCfg = Debug|Any CPU
		{76C3846C-D3DB-4252-A0F3-87F2709B597B}.Debug|Any CPU.Build.0 = Debug|Any CPU
		{76C3846C-D3DB-4252-A0F3-87F2709B597B}.Release|Any CPU.ActiveCfg = Release|Any CPU
		{76C3846C-D3DB-4252-A0F3-87F2709B597B}.Release|Any CPU.Build.0 = Release|Any CPU
	EndGlobalSection
	GlobalSection(SolutionProperties) = preSolution
		HideSolutionNode = FALSE
	EndGlobalSection
EndGlobal
