
Microsoft Visual Studio Solution File, Format Version 12.00
# Visual Studio 14
VisualStudioVersion = 14.0.25420.1
MinimumVisualStudioVersion = 10.0.40219.1
Project("{FAE04EC0-301F-11D3-BF4B-00C04F79EFBC}") = "DLA", "DLA\DLA.csproj", "{97D3E940-6972-4B38-8D8B-B8E83DC74CB4}"
EndProject
Project("{FAE04EC0-301F-11D3-BF4B-00C04F79EFBC}") = "DLA.Tests", "DLA.Tests\DLA.Tests.csproj", "{33924357-D527-4D2A-8327-23AE5952636D}"
EndProject
Global
	GlobalSection(SolutionConfigurationPlatforms) = preSolution
		Debug|Any CPU = Debug|Any CPU
		Release|Any CPU = Release|Any CPU
	EndGlobalSection
	GlobalSection(ProjectConfigurationPlatforms) = postSolution
		{97D3E940-6972-4B38-8D8B-B8E83DC74CB4}.Debug|Any CPU.ActiveCfg = Debug|Any CPU
		{97D3E940-6972-4B38-8D8B-B8E83DC74CB4}.Debug|Any CPU.Build.0 = Debug|Any CPU
		{97D3E940-6972-4B38-8D8B-B8E83DC74CB4}.Release|Any CPU.ActiveCfg = Release|Any CPU
		{97D3E940-6972-4B38-8D8B-B8E83DC74CB4}.Release|Any CPU.Build.0 = Release|Any CPU
		{33924357-D527-4D2A-8327-23AE5952636D}.Debug|Any CPU.ActiveCfg = Debug|Any CPU
		{33924357-D527-4D2A-8327-23AE5952636D}.Debug|Any CPU.Build.0 = Debug|Any CPU
		{33924357-D527-4D2A-8327-23AE5952636D}.Release|Any CPU.ActiveCfg = Release|Any CPU
		{33924357-D527-4D2A-8327-23AE5952636D}.Release|Any CPU.Build.0 = Release|Any CPU
	EndGlobalSection
	GlobalSection(SolutionProperties) = preSolution
		HideSolutionNode = FALSE
	EndGlobalSection
EndGlobal
